// !$*UTF8*$!
{
	archiveVersion = 1;
	classes = {
	};
	objectVersion = 46;
	objects = {

/* Begin PBXBuildFile section */
		020D7ABE1E989270005BC9CB /* AppDelegate.swift in Sources */ = {isa = PBXBuildFile; fileRef = 020D7ABD1E989270005BC9CB /* AppDelegate.swift */; };
		020D7AC31E989270005BC9CB /* Main.storyboard in Resources */ = {isa = PBXBuildFile; fileRef = 020D7AC11E989270005BC9CB /* Main.storyboard */; };
		020D7AC51E989270005BC9CB /* Assets.xcassets in Resources */ = {isa = PBXBuildFile; fileRef = 020D7AC41E989270005BC9CB /* Assets.xcassets */; };
		020D7AC81E989270005BC9CB /* LaunchScreen.storyboard in Resources */ = {isa = PBXBuildFile; fileRef = 020D7AC61E989270005BC9CB /* LaunchScreen.storyboard */; };
		020D7AD61E98C78C005BC9CB /* libsqlite3.tbd in Frameworks */ = {isa = PBXBuildFile; fileRef = 020D7AD51E98C78C005BC9CB /* libsqlite3.tbd */; };
		020D7AD91E98C859005BC9CB /* DB.swift in Sources */ = {isa = PBXBuildFile; fileRef = 020D7AD81E98C859005BC9CB /* DB.swift */; };
		020D7ADB1E98CABB005BC9CB /* MainController.swift in Sources */ = {isa = PBXBuildFile; fileRef = 020D7ADA1E98CABB005BC9CB /* MainController.swift */; };
		020D7ADD1E98CCFB005BC9CB /* MainCell.swift in Sources */ = {isa = PBXBuildFile; fileRef = 020D7ADC1E98CCFB005BC9CB /* MainCell.swift */; };
		020D7AE01E98D223005BC9CB /* manageKhuVucController.swift in Sources */ = {isa = PBXBuildFile; fileRef = 020D7ADF1E98D223005BC9CB /* manageKhuVucController.swift */; };
		020D7AE21E98D299005BC9CB /* ManageKVCell.swift in Sources */ = {isa = PBXBuildFile; fileRef = 020D7AE11E98D299005BC9CB /* ManageKVCell.swift */; };
		020D7AE41E98D6D0005BC9CB /* manageDetailKhuVucController.swift in Sources */ = {isa = PBXBuildFile; fileRef = 020D7AE31E98D6D0005BC9CB /* manageDetailKhuVucController.swift */; };
		483A2E1D1EA324C200767AD3 /* manageMonAnController.swift in Sources */ = {isa = PBXBuildFile; fileRef = 483A2E1C1EA324C200767AD3 /* manageMonAnController.swift */; };
		483A2E1F1EA3339F00767AD3 /* ManageMonAnCell.swift in Sources */ = {isa = PBXBuildFile; fileRef = 483A2E1E1EA3339F00767AD3 /* ManageMonAnCell.swift */; };
		483A2E231EA3344500767AD3 /* manageDetailMonAnController.swift in Sources */ = {isa = PBXBuildFile; fileRef = 483A2E221EA3344500767AD3 /* manageDetailMonAnController.swift */; };
/* End PBXBuildFile section */

/* Begin PBXFileReference section */
		020D7ABA1E989270005BC9CB /* 1542248-1542290-1542293.app */ = {isa = PBXFileReference; explicitFileType = wrapper.application; includeInIndex = 0; path = "1542248-1542290-1542293.app"; sourceTree = BUILT_PRODUCTS_DIR; };
		020D7ABD1E989270005BC9CB /* AppDelegate.swift */ = {isa = PBXFileReference; lastKnownFileType = sourcecode.swift; path = AppDelegate.swift; sourceTree = "<group>"; };
		020D7AC21E989270005BC9CB /* Base */ = {isa = PBXFileReference; lastKnownFileType = file.storyboard; name = Base; path = Base.lproj/Main.storyboard; sourceTree = "<group>"; };
		020D7AC41E989270005BC9CB /* Assets.xcassets */ = {isa = PBXFileReference; lastKnownFileType = folder.assetcatalog; name = Assets.xcassets; path = ../Assets.xcassets; sourceTree = "<group>"; };
		020D7AC71E989270005BC9CB /* Base */ = {isa = PBXFileReference; lastKnownFileType = file.storyboard; name = Base; path = Base.lproj/LaunchScreen.storyboard; sourceTree = "<group>"; };
		020D7AC91E989270005BC9CB /* Info.plist */ = {isa = PBXFileReference; lastKnownFileType = text.plist.xml; path = Info.plist; sourceTree = "<group>"; };
		020D7AD51E98C78C005BC9CB /* libsqlite3.tbd */ = {isa = PBXFileReference; lastKnownFileType = "sourcecode.text-based-dylib-definition"; name = libsqlite3.tbd; path = usr/lib/libsqlite3.tbd; sourceTree = SDKROOT; };
		020D7AD71E98C7B1005BC9CB /* Briding_Header.h */ = {isa = PBXFileReference; lastKnownFileType = sourcecode.c.h; path = Briding_Header.h; sourceTree = "<group>"; };
		020D7AD81E98C859005BC9CB /* DB.swift */ = {isa = PBXFileReference; fileEncoding = 4; lastKnownFileType = sourcecode.swift; path = DB.swift; sourceTree = "<group>"; };
		020D7ADA1E98CABB005BC9CB /* MainController.swift */ = {isa = PBXFileReference; fileEncoding = 4; lastKnownFileType = sourcecode.swift; path = MainController.swift; sourceTree = "<group>"; };
		020D7ADC1E98CCFB005BC9CB /* MainCell.swift */ = {isa = PBXFileReference; fileEncoding = 4; lastKnownFileType = sourcecode.swift; path = MainCell.swift; sourceTree = "<group>"; };
		020D7ADF1E98D223005BC9CB /* manageKhuVucController.swift */ = {isa = PBXFileReference; fileEncoding = 4; lastKnownFileType = sourcecode.swift; path = manageKhuVucController.swift; sourceTree = "<group>"; };
		020D7AE11E98D299005BC9CB /* ManageKVCell.swift */ = {isa = PBXFileReference; fileEncoding = 4; lastKnownFileType = sourcecode.swift; path = ManageKVCell.swift; sourceTree = "<group>"; };
		020D7AE31E98D6D0005BC9CB /* manageDetailKhuVucController.swift */ = {isa = PBXFileReference; fileEncoding = 4; lastKnownFileType = sourcecode.swift; path = manageDetailKhuVucController.swift; sourceTree = "<group>"; };
		483A2E1C1EA324C200767AD3 /* manageMonAnController.swift */ = {isa = PBXFileReference; fileEncoding = 4; lastKnownFileType = sourcecode.swift; path = manageMonAnController.swift; sourceTree = "<group>"; };
		483A2E1E1EA3339F00767AD3 /* ManageMonAnCell.swift */ = {isa = PBXFileReference; fileEncoding = 4; lastKnownFileType = sourcecode.swift; path = ManageMonAnCell.swift; sourceTree = "<group>"; };
		483A2E221EA3344500767AD3 /* manageDetailMonAnController.swift */ = {isa = PBXFileReference; fileEncoding = 4; lastKnownFileType = sourcecode.swift; path = manageDetailMonAnController.swift; sourceTree = "<group>"; };
/* End PBXFileReference section */

/* Begin PBXFrameworksBuildPhase section */
		020D7AB71E989270005BC9CB /* Frameworks */ = {
			isa = PBXFrameworksBuildPhase;
			buildActionMask = 2147483647;
			files = (
				020D7AD61E98C78C005BC9CB /* libsqlite3.tbd in Frameworks */,
			);
			runOnlyForDeploymentPostprocessing = 0;
		};
/* End PBXFrameworksBuildPhase section */

/* Begin PBXGroup section */
		020D7AB11E98926F005BC9CB = {
			isa = PBXGroup;
			children = (
				020D7ABC1E989270005BC9CB /* 1542248-1542290-1542293 */,
				020D7ABB1E989270005BC9CB /* Products */,
				020D7AD41E98C78C005BC9CB /* Frameworks */,
			);
			sourceTree = "<group>";
		};
		020D7ABB1E989270005BC9CB /* Products */ = {
			isa = PBXGroup;
			children = (
				020D7ABA1E989270005BC9CB /* 1542248-1542290-1542293.app */,
			);
			name = Products;
			sourceTree = "<group>";
		};
		020D7ABC1E989270005BC9CB /* 1542248-1542290-1542293 */ = {
			isa = PBXGroup;
			children = (
				020D7ACF1E98AC27005BC9CB /* Controllers */,
				020D7AD01E98AC27005BC9CB /* Helpers */,
				020D7AD11E98AC27005BC9CB /* Models */,
				020D7AD21E98AC27005BC9CB /* Resources */,
				020D7AD31E98AC27005BC9CB /* Views */,
				020D7ABD1E989270005BC9CB /* AppDelegate.swift */,
				020D7AC91E989270005BC9CB /* Info.plist */,
			);
			path = "1542248-1542290-1542293";
			sourceTree = "<group>";
		};
		020D7ACF1E98AC27005BC9CB /* Controllers */ = {
			isa = PBXGroup;
			children = (
				483A2E1B1EA3238E00767AD3 /* MonAnController */,
				020D7ADE1E98D1FD005BC9CB /* KhuVucController */,
				020D7ADA1E98CABB005BC9CB /* MainController.swift */,
				020D7ADC1E98CCFB005BC9CB /* MainCell.swift */,
			);
			path = Controllers;
			sourceTree = "<group>";
		};
		020D7AD01E98AC27005BC9CB /* Helpers */ = {
			isa = PBXGroup;
			children = (
			);
			path = Helpers;
			sourceTree = "<group>";
		};
		020D7AD11E98AC27005BC9CB /* Models */ = {
			isa = PBXGroup;
			children = (
				020D7AD71E98C7B1005BC9CB /* Briding_Header.h */,
				020D7AD81E98C859005BC9CB /* DB.swift */,
			);
			path = Models;
			sourceTree = "<group>";
		};
		020D7AD21E98AC27005BC9CB /* Resources */ = {
			isa = PBXGroup;
			children = (
				020D7AC41E989270005BC9CB /* Assets.xcassets */,
			);
			path = Resources;
			sourceTree = "<group>";
		};
		020D7AD31E98AC27005BC9CB /* Views */ = {
			isa = PBXGroup;
			children = (
				020D7AC61E989270005BC9CB /* LaunchScreen.storyboard */,
				020D7AC11E989270005BC9CB /* Main.storyboard */,
			);
			path = Views;
			sourceTree = "<group>";
		};
		020D7AD41E98C78C005BC9CB /* Frameworks */ = {
			isa = PBXGroup;
			children = (
				020D7AD51E98C78C005BC9CB /* libsqlite3.tbd */,
			);
			name = Frameworks;
			sourceTree = "<group>";
		};
		020D7ADE1E98D1FD005BC9CB /* KhuVucController */ = {
			isa = PBXGroup;
			children = (
				020D7ADF1E98D223005BC9CB /* manageKhuVucController.swift */,
				020D7AE11E98D299005BC9CB /* ManageKVCell.swift */,
				020D7AE31E98D6D0005BC9CB /* manageDetailKhuVucController.swift */,
			);
			path = KhuVucController;
			sourceTree = "<group>";
		};
		483A2E1B1EA3238E00767AD3 /* MonAnController */ = {
			isa = PBXGroup;
			children = (
				483A2E1C1EA324C200767AD3 /* manageMonAnController.swift */,
				483A2E1E1EA3339F00767AD3 /* ManageMonAnCell.swift */,
				483A2E221EA3344500767AD3 /* manageDetailMonAnController.swift */,
			);
			name = MonAnController;
			sourceTree = "<group>";
		};
/* End PBXGroup section */

/* Begin PBXNativeTarget section */
		020D7AB91E989270005BC9CB /* 1542248-1542290-1542293 */ = {
			isa = PBXNativeTarget;
			buildConfigurationList = 020D7ACC1E989270005BC9CB /* Build configuration list for PBXNativeTarget "1542248-1542290-1542293" */;
			buildPhases = (
				020D7AB61E989270005BC9CB /* Sources */,
				020D7AB71E989270005BC9CB /* Frameworks */,
				020D7AB81E989270005BC9CB /* Resources */,
			);
			buildRules = (
			);
			dependencies = (
			);
			name = "1542248-1542290-1542293";
			productName = "1542248-1542290-1542293";
			productReference = 020D7ABA1E989270005BC9CB /* 1542248-1542290-1542293.app */;
			productType = "com.apple.product-type.application";
		};
/* End PBXNativeTarget section */

/* Begin PBXProject section */
		020D7AB21E989270005BC9CB /* Project object */ = {
			isa = PBXProject;
			attributes = {
				LastSwiftUpdateCheck = 0820;
				LastUpgradeCheck = 0820;
				ORGANIZATIONNAME = "Than Hoang Xuan Nghiep";
				TargetAttributes = {
					020D7AB91E989270005BC9CB = {
						CreatedOnToolsVersion = 8.2.1;
						ProvisioningStyle = Automatic;
					};
				};
			};
			buildConfigurationList = 020D7AB51E989270005BC9CB /* Build configuration list for PBXProject "1542248-1542290-1542293" */;
			compatibilityVersion = "Xcode 3.2";
			developmentRegion = English;
			hasScannedForEncodings = 0;
			knownRegions = (
				en,
				Base,
			);
			mainGroup = 020D7AB11E98926F005BC9CB;
			productRefGroup = 020D7ABB1E989270005BC9CB /* Products */;
			projectDirPath = "";
			projectRoot = "";
			targets = (
				020D7AB91E989270005BC9CB /* 1542248-1542290-1542293 */,
			);
		};
/* End PBXProject section */

/* Begin PBXResourcesBuildPhase section */
		020D7AB81E989270005BC9CB /* Resources */ = {
			isa = PBXResourcesBuildPhase;
			buildActionMask = 2147483647;
			files = (
				020D7AC81E989270005BC9CB /* LaunchScreen.storyboard in Resources */,
				020D7AC51E989270005BC9CB /* Assets.xcassets in Resources */,
				020D7AC31E989270005BC9CB /* Main.storyboard in Resources */,
			);
			runOnlyForDeploymentPostprocessing = 0;
		};
/* End PBXResourcesBuildPhase section */

/* Begin PBXSourcesBuildPhase section */
		020D7AB61E989270005BC9CB /* Sources */ = {
			isa = PBXSourcesBuildPhase;
			buildActionMask = 2147483647;
			files = (
				020D7ABE1E989270005BC9CB /* AppDelegate.swift in Sources */,
				020D7AE21E98D299005BC9CB /* ManageKVCell.swift in Sources */,
				020D7ADB1E98CABB005BC9CB /* MainController.swift in Sources */,
				020D7ADD1E98CCFB005BC9CB /* MainCell.swift in Sources */,
				483A2E1F1EA3339F00767AD3 /* ManageMonAnCell.swift in Sources */,
				483A2E1D1EA324C200767AD3 /* manageMonAnController.swift in Sources */,
				020D7AE01E98D223005BC9CB /* manageKhuVucController.swift in Sources */,
				020D7AE41E98D6D0005BC9CB /* manageDetailKhuVucController.swift in Sources */,
				020D7AD91E98C859005BC9CB /* DB.swift in Sources */,
				483A2E231EA3344500767AD3 /* manageDetailMonAnController.swift in Sources */,
			);
			runOnlyForDeploymentPostprocessing = 0;
		};
/* End PBXSourcesBuildPhase section */

/* Begin PBXVariantGroup section */
		020D7AC11E989270005BC9CB /* Main.storyboard */ = {
			isa = PBXVariantGroup;
			children = (
				020D7AC21E989270005BC9CB /* Base */,
			);
			name = Main.storyboard;
			path = ..;
			sourceTree = "<group>";
		};
		020D7AC61E989270005BC9CB /* LaunchScreen.storyboard */ = {
			isa = PBXVariantGroup;
			children = (
				020D7AC71E989270005BC9CB /* Base */,
			);
			name = LaunchScreen.storyboard;
			path = ..;
			sourceTree = "<group>";
		};
/* End PBXVariantGroup section */

/* Begin XCBuildConfiguration section */
		020D7ACA1E989270005BC9CB /* Debug */ = {
			isa = XCBuildConfiguration;
			buildSettings = {
				ALWAYS_SEARCH_USER_PATHS = NO;
				CLANG_ANALYZER_NONNULL = YES;
				CLANG_CXX_LANGUAGE_STANDARD = "gnu++0x";
				CLANG_CXX_LIBRARY = "libc++";
				CLANG_ENABLE_MODULES = YES;
				CLANG_ENABLE_OBJC_ARC = YES;
				CLANG_WARN_BOOL_CONVERSION = YES;
				CLANG_WARN_CONSTANT_CONVERSION = YES;
				CLANG_WARN_DIRECT_OBJC_ISA_USAGE = YES_ERROR;
				CLANG_WARN_DOCUMENTATION_COMMENTS = YES;
				CLANG_WARN_EMPTY_BODY = YES;
				CLANG_WARN_ENUM_CONVERSION = YES;
				CLANG_WARN_INFINITE_RECURSION = YES;
				CLANG_WARN_INT_CONVERSION = YES;
				CLANG_WARN_OBJC_ROOT_CLASS = YES_ERROR;
				CLANG_WARN_SUSPICIOUS_MOVE = YES;
				CLANG_WARN_UNREACHABLE_CODE = YES;
				CLANG_WARN__DUPLICATE_METHOD_MATCH = YES;
				"CODE_SIGN_IDENTITY[sdk=iphoneos*]" = "iPhone Developer";
				COPY_PHASE_STRIP = NO;
				DEBUG_INFORMATION_FORMAT = dwarf;
				ENABLE_STRICT_OBJC_MSGSEND = YES;
				ENABLE_TESTABILITY = YES;
				GCC_C_LANGUAGE_STANDARD = gnu99;
				GCC_DYNAMIC_NO_PIC = NO;
				GCC_NO_COMMON_BLOCKS = YES;
				GCC_OPTIMIZATION_LEVEL = 0;
				GCC_PREPROCESSOR_DEFINITIONS = (
					"DEBUG=1",
					"$(inherited)",
				);
				GCC_WARN_64_TO_32_BIT_CONVERSION = YES;
				GCC_WARN_ABOUT_RETURN_TYPE = YES_ERROR;
				GCC_WARN_UNDECLARED_SELECTOR = YES;
				GCC_WARN_UNINITIALIZED_AUTOS = YES_AGGRESSIVE;
				GCC_WARN_UNUSED_FUNCTION = YES;
				GCC_WARN_UNUSED_VARIABLE = YES;
				IPHONEOS_DEPLOYMENT_TARGET = 10.2;
				MTL_ENABLE_DEBUG_INFO = YES;
				ONLY_ACTIVE_ARCH = YES;
				SDKROOT = iphoneos;
				SWIFT_ACTIVE_COMPILATION_CONDITIONS = DEBUG;
				SWIFT_OPTIMIZATION_LEVEL = "-Onone";
				TARGETED_DEVICE_FAMILY = "1,2";
			};
			name = Debug;
		};
		020D7ACB1E989270005BC9CB /* Release */ = {
			isa = XCBuildConfiguration;
			buildSettings = {
				ALWAYS_SEARCH_USER_PATHS = NO;
				CLANG_ANALYZER_NONNULL = YES;
				CLANG_CXX_LANGUAGE_STANDARD = "gnu++0x";
				CLANG_CXX_LIBRARY = "libc++";
				CLANG_ENABLE_MODULES = YES;
				CLANG_ENABLE_OBJC_ARC = YES;
				CLANG_WARN_BOOL_CONVERSION = YES;
				CLANG_WARN_CONSTANT_CONVERSION = YES;
				CLANG_WARN_DIRECT_OBJC_ISA_USAGE = YES_ERROR;
				CLANG_WARN_DOCUMENTATION_COMMENTS = YES;
				CLANG_WARN_EMPTY_BODY = YES;
				CLANG_WARN_ENUM_CONVERSION = YES;
				CLANG_WARN_INFINITE_RECURSION = YES;
				CLANG_WARN_INT_CONVERSION = YES;
				CLANG_WARN_OBJC_ROOT_CLASS = YES_ERROR;
				CLANG_WARN_SUSPICIOUS_MOVE = YES;
				CLANG_WARN_UNREACHABLE_CODE = YES;
				CLANG_WARN__DUPLICATE_METHOD_MATCH = YES;
				"CODE_SIGN_IDENTITY[sdk=iphoneos*]" = "iPhone Developer";
				COPY_PHASE_STRIP = NO;
				DEBUG_INFORMATION_FORMAT = "dwarf-with-dsym";
				ENABLE_NS_ASSERTIONS = NO;
				ENABLE_STRICT_OBJC_MSGSEND = YES;
				GCC_C_LANGUAGE_STANDARD = gnu99;
				GCC_NO_COMMON_BLOCKS = YES;
				GCC_WARN_64_TO_32_BIT_CONVERSION = YES;
				GCC_WARN_ABOUT_RETURN_TYPE = YES_ERROR;
				GCC_WARN_UNDECLARED_SELECTOR = YES;
				GCC_WARN_UNINITIALIZED_AUTOS = YES_AGGRESSIVE;
				GCC_WARN_UNUSED_FUNCTION = YES;
				GCC_WARN_UNUSED_VARIABLE = YES;
				IPHONEOS_DEPLOYMENT_TARGET = 10.2;
				MTL_ENABLE_DEBUG_INFO = NO;
				SDKROOT = iphoneos;
				SWIFT_OPTIMIZATION_LEVEL = "-Owholemodule";
				TARGETED_DEVICE_FAMILY = "1,2";
				VALIDATE_PRODUCT = YES;
			};
			name = Release;
		};
		020D7ACD1E989270005BC9CB /* Debug */ = {
			isa = XCBuildConfiguration;
			buildSettings = {
				ASSETCATALOG_COMPILER_APPICON_NAME = AppIcon;
				INFOPLIST_FILE = "1542248-1542290-1542293/Info.plist";
				LD_RUNPATH_SEARCH_PATHS = "$(inherited) @executable_path/Frameworks";
				PRODUCT_BUNDLE_IDENTIFIER = "home.-542248-1542290-1542293";
				PRODUCT_NAME = "$(TARGET_NAME)";
				SWIFT_OBJC_BRIDGING_HEADER = "1542248-1542290-1542293/Models/Briding_Header.h";
				SWIFT_VERSION = 3.0;
			};
			name = Debug;
		};
		020D7ACE1E989270005BC9CB /* Release */ = {
			isa = XCBuildConfiguration;
			buildSettings = {
				ASSETCATALOG_COMPILER_APPICON_NAME = AppIcon;
				INFOPLIST_FILE = "1542248-1542290-1542293/Info.plist";
				LD_RUNPATH_SEARCH_PATHS = "$(inherited) @executable_path/Frameworks";
				PRODUCT_BUNDLE_IDENTIFIER = "home.-542248-1542290-1542293";
				PRODUCT_NAME = "$(TARGET_NAME)";
				SWIFT_OBJC_BRIDGING_HEADER = "1542248-1542290-1542293/Models/Briding_Header.h";
				SWIFT_VERSION = 3.0;
			};
			name = Release;
		};
/* End XCBuildConfiguration section */

/* Begin XCConfigurationList section */
		020D7AB51E989270005BC9CB /* Build configuration list for PBXProject "1542248-1542290-1542293" */ = {
			isa = XCConfigurationList;
			buildConfigurations = (
				020D7ACA1E989270005BC9CB /* Debug */,
				020D7ACB1E989270005BC9CB /* Release */,
			);
			defaultConfigurationIsVisible = 0;
			defaultConfigurationName = Release;
		};
		020D7ACC1E989270005BC9CB /* Build configuration list for PBXNativeTarget "1542248-1542290-1542293" */ = {
			isa = XCConfigurationList;
			buildConfigurations = (
				020D7ACD1E989270005BC9CB /* Debug */,
				020D7ACE1E989270005BC9CB /* Release */,
			);
			defaultConfigurationIsVisible = 0;
			defaultConfigurationName = Release;
		};
/* End XCConfigurationList section */
	};
	rootObject = 020D7AB21E989270005BC9CB /* Project object */;
}
